// !$*UTF8*$!
{
	archiveVersion = 1;
	classes = {
	};
	objectVersion = 55;
	objects = {

/* Begin PBXBuildFile section */
		932CB8BB271324B200BB4580 /* LoginView.swift in Sources */ = {isa = PBXBuildFile; fileRef = 932CB8BA271324B200BB4580 /* LoginView.swift */; };
		937525232713BCE5002194CB /* ChooserView.swift in Sources */ = {isa = PBXBuildFile; fileRef = 937525222713BCE5002194CB /* ChooserView.swift */; };
		9379ADDE27125C46009341E5 /* DetailView.swift in Sources */ = {isa = PBXBuildFile; fileRef = 9379ADDD27125C46009341E5 /* DetailView.swift */; };
		9379ADE427126D47009341E5 /* MainView.swift in Sources */ = {isa = PBXBuildFile; fileRef = 9379ADE327126D47009341E5 /* MainView.swift */; };
		9379ADE62712715A009341E5 /* PrivacyView.swift in Sources */ = {isa = PBXBuildFile; fileRef = 9379ADE52712715A009341E5 /* PrivacyView.swift */; };
		9387D1CB27124AC200AE497C /* ProKioskApp.swift in Sources */ = {isa = PBXBuildFile; fileRef = 9387D1CA27124AC200AE497C /* ProKioskApp.swift */; };
		9387D1CD27124AC200AE497C /* ContentView.swift in Sources */ = {isa = PBXBuildFile; fileRef = 9387D1CC27124AC200AE497C /* ContentView.swift */; };
		9387D1CF27124AC500AE497C /* Assets.xcassets in Resources */ = {isa = PBXBuildFile; fileRef = 9387D1CE27124AC500AE497C /* Assets.xcassets */; };
		9387D1D227124AC500AE497C /* Preview Assets.xcassets in Resources */ = {isa = PBXBuildFile; fileRef = 9387D1D127124AC500AE497C /* Preview Assets.xcassets */; };
		9393BCEE2717F2E800AC9822 /* Launch Screen.storyboard in Resources */ = {isa = PBXBuildFile; fileRef = 9393BCED2717F2E700AC9822 /* Launch Screen.storyboard */; };
		93DD2C2E2713E21A003A7EF9 /* HomeView.swift in Sources */ = {isa = PBXBuildFile; fileRef = 93DD2C2D2713E21A003A7EF9 /* HomeView.swift */; };
/* End PBXBuildFile section */

/* Begin PBXFileReference section */
		932CB8BA271324B200BB4580 /* LoginView.swift */ = {isa = PBXFileReference; lastKnownFileType = sourcecode.swift; path = LoginView.swift; sourceTree = "<group>"; };
		937525222713BCE5002194CB /* ChooserView.swift */ = {isa = PBXFileReference; lastKnownFileType = sourcecode.swift; path = ChooserView.swift; sourceTree = "<group>"; };
		9379ADDD27125C46009341E5 /* DetailView.swift */ = {isa = PBXFileReference; lastKnownFileType = sourcecode.swift; path = DetailView.swift; sourceTree = "<group>"; };
		9379ADE327126D47009341E5 /* MainView.swift */ = {isa = PBXFileReference; lastKnownFileType = sourcecode.swift; path = MainView.swift; sourceTree = "<group>"; };
		9379ADE52712715A009341E5 /* PrivacyView.swift */ = {isa = PBXFileReference; lastKnownFileType = sourcecode.swift; path = PrivacyView.swift; sourceTree = "<group>"; };
		9379ADE7271288B9009341E5 /* Info.plist */ = {isa = PBXFileReference; lastKnownFileType = text.plist; path = Info.plist; sourceTree = "<group>"; };
		9387D1C727124AC200AE497C /* ProKiosk.app */ = {isa = PBXFileReference; explicitFileType = wrapper.application; includeInIndex = 0; path = ProKiosk.app; sourceTree = BUILT_PRODUCTS_DIR; };
		9387D1CA27124AC200AE497C /* ProKioskApp.swift */ = {isa = PBXFileReference; lastKnownFileType = sourcecode.swift; path = ProKioskApp.swift; sourceTree = "<group>"; };
		9387D1CC27124AC200AE497C /* ContentView.swift */ = {isa = PBXFileReference; lastKnownFileType = sourcecode.swift; path = ContentView.swift; sourceTree = "<group>"; };
		9387D1CE27124AC500AE497C /* Assets.xcassets */ = {isa = PBXFileReference; lastKnownFileType = folder.assetcatalog; path = Assets.xcassets; sourceTree = "<group>"; };
		9387D1D127124AC500AE497C /* Preview Assets.xcassets */ = {isa = PBXFileReference; lastKnownFileType = folder.assetcatalog; path = "Preview Assets.xcassets"; sourceTree = "<group>"; };
		9393BCED2717F2E700AC9822 /* Launch Screen.storyboard */ = {isa = PBXFileReference; lastKnownFileType = file.storyboard; path = "Launch Screen.storyboard"; sourceTree = "<group>"; };
		93DD2C2D2713E21A003A7EF9 /* HomeView.swift */ = {isa = PBXFileReference; lastKnownFileType = sourcecode.swift; path = HomeView.swift; sourceTree = "<group>"; };
/* End PBXFileReference section */

/* Begin PBXFrameworksBuildPhase section */
		9387D1C427124AC200AE497C /* Frameworks */ = {
			isa = PBXFrameworksBuildPhase;
			buildActionMask = 2147483647;
			files = (
			);
			runOnlyForDeploymentPostprocessing = 0;
		};
/* End PBXFrameworksBuildPhase section */

/* Begin PBXGroup section */
		9379ADDC27125C31009341E5 /* Views */ = {
			isa = PBXGroup;
			children = (
				9379ADDD27125C46009341E5 /* DetailView.swift */,
				9379ADE327126D47009341E5 /* MainView.swift */,
				9379ADE52712715A009341E5 /* PrivacyView.swift */,
				932CB8BA271324B200BB4580 /* LoginView.swift */,
				937525222713BCE5002194CB /* ChooserView.swift */,
				93DD2C2D2713E21A003A7EF9 /* HomeView.swift */,
			);
			path = Views;
			sourceTree = "<group>";
		};
		9387D1BE27124AC200AE497C = {
			isa = PBXGroup;
			children = (
				9387D1C927124AC200AE497C /* ProKiosk */,
				9387D1C827124AC200AE497C /* Products */,
			);
			sourceTree = "<group>";
		};
		9387D1C827124AC200AE497C /* Products */ = {
			isa = PBXGroup;
			children = (
				9387D1C727124AC200AE497C /* ProKiosk.app */,
			);
			name = Products;
			sourceTree = "<group>";
		};
		9387D1C927124AC200AE497C /* ProKiosk */ = {
			isa = PBXGroup;
			children = (
				9379ADE7271288B9009341E5 /* Info.plist */,
				9379ADDC27125C31009341E5 /* Views */,
				9387D1CA27124AC200AE497C /* ProKioskApp.swift */,
				9387D1CC27124AC200AE497C /* ContentView.swift */,
				9387D1CE27124AC500AE497C /* Assets.xcassets */,
				9387D1D027124AC500AE497C /* Preview Content */,
				9393BCED2717F2E700AC9822 /* Launch Screen.storyboard */,
			);
			path = ProKiosk;
			sourceTree = "<group>";
		};
		9387D1D027124AC500AE497C /* Preview Content */ = {
			isa = PBXGroup;
			children = (
				9387D1D127124AC500AE497C /* Preview Assets.xcassets */,
			);
			path = "Preview Content";
			sourceTree = "<group>";
		};
/* End PBXGroup section */

/* Begin PBXNativeTarget section */
		9387D1C627124AC200AE497C /* ProKiosk */ = {
			isa = PBXNativeTarget;
			buildConfigurationList = 9387D1D527124AC500AE497C /* Build configuration list for PBXNativeTarget "ProKiosk" */;
			buildPhases = (
				9387D1C327124AC200AE497C /* Sources */,
				9387D1C427124AC200AE497C /* Frameworks */,
				9387D1C527124AC200AE497C /* Resources */,
			);
			buildRules = (
			);
			dependencies = (
			);
			name = ProKiosk;
			productName = ProKiosk;
			productReference = 9387D1C727124AC200AE497C /* ProKiosk.app */;
			productType = "com.apple.product-type.application";
		};
/* End PBXNativeTarget section */

/* Begin PBXProject section */
		9387D1BF27124AC200AE497C /* Project object */ = {
			isa = PBXProject;
			attributes = {
				BuildIndependentTargetsInParallel = 1;
				LastSwiftUpdateCheck = 1300;
				LastUpgradeCheck = 1300;
				TargetAttributes = {
					9387D1C627124AC200AE497C = {
						CreatedOnToolsVersion = 13.0;
					};
				};
			};
			buildConfigurationList = 9387D1C227124AC200AE497C /* Build configuration list for PBXProject "ProKiosk" */;
			compatibilityVersion = "Xcode 13.0";
			developmentRegion = en;
			hasScannedForEncodings = 0;
			knownRegions = (
				en,
				Base,
			);
			mainGroup = 9387D1BE27124AC200AE497C;
			productRefGroup = 9387D1C827124AC200AE497C /* Products */;
			projectDirPath = "";
			projectRoot = "";
			targets = (
				9387D1C627124AC200AE497C /* ProKiosk */,
			);
		};
/* End PBXProject section */

/* Begin PBXResourcesBuildPhase section */
		9387D1C527124AC200AE497C /* Resources */ = {
			isa = PBXResourcesBuildPhase;
			buildActionMask = 2147483647;
			files = (
				9393BCEE2717F2E800AC9822 /* Launch Screen.storyboard in Resources */,
				9387D1D227124AC500AE497C /* Preview Assets.xcassets in Resources */,
				9387D1CF27124AC500AE497C /* Assets.xcassets in Resources */,
			);
			runOnlyForDeploymentPostprocessing = 0;
		};
/* End PBXResourcesBuildPhase section */

/* Begin PBXSourcesBuildPhase section */
		9387D1C327124AC200AE497C /* Sources */ = {
			isa = PBXSourcesBuildPhase;
			buildActionMask = 2147483647;
			files = (
				932CB8BB271324B200BB4580 /* LoginView.swift in Sources */,
				9387D1CD27124AC200AE497C /* ContentView.swift in Sources */,
				9379ADE427126D47009341E5 /* MainView.swift in Sources */,
				9379ADDE27125C46009341E5 /* DetailView.swift in Sources */,
				9387D1CB27124AC200AE497C /* ProKioskApp.swift in Sources */,
				93DD2C2E2713E21A003A7EF9 /* HomeView.swift in Sources */,
				9379ADE62712715A009341E5 /* PrivacyView.swift in Sources */,
				937525232713BCE5002194CB /* ChooserView.swift in Sources */,
			);
			runOnlyForDeploymentPostprocessing = 0;
		};
/* End PBXSourcesBuildPhase section */

/* Begin XCBuildConfiguration section */
		9387D1D327124AC500AE497C /* Debug */ = {
			isa = XCBuildConfiguration;
			buildSettings = {
				ALWAYS_SEARCH_USER_PATHS = NO;
				CLANG_ANALYZER_NONNULL = YES;
				CLANG_ANALYZER_NUMBER_OBJECT_CONVERSION = YES_AGGRESSIVE;
				CLANG_CXX_LANGUAGE_STANDARD = "gnu++17";
				CLANG_CXX_LIBRARY = "libc++";
				CLANG_ENABLE_MODULES = YES;
				CLANG_ENABLE_OBJC_ARC = YES;
				CLANG_ENABLE_OBJC_WEAK = YES;
				CLANG_WARN_BLOCK_CAPTURE_AUTORELEASING = YES;
				CLANG_WARN_BOOL_CONVERSION = YES;
				CLANG_WARN_COMMA = YES;
				CLANG_WARN_CONSTANT_CONVERSION = YES;
				CLANG_WARN_DEPRECATED_OBJC_IMPLEMENTATIONS = YES;
				CLANG_WARN_DIRECT_OBJC_ISA_USAGE = YES_ERROR;
				CLANG_WARN_DOCUMENTATION_COMMENTS = YES;
				CLANG_WARN_EMPTY_BODY = YES;
				CLANG_WARN_ENUM_CONVERSION = YES;
				CLANG_WARN_INFINITE_RECURSION = YES;
				CLANG_WARN_INT_CONVERSION = YES;
				CLANG_WARN_NON_LITERAL_NULL_CONVERSION = YES;
				CLANG_WARN_OBJC_IMPLICIT_RETAIN_SELF = YES;
				CLANG_WARN_OBJC_LITERAL_CONVERSION = YES;
				CLANG_WARN_OBJC_ROOT_CLASS = YES_ERROR;
				CLANG_WARN_QUOTED_INCLUDE_IN_FRAMEWORK_HEADER = YES;
				CLANG_WARN_RANGE_LOOP_ANALYSIS = YES;
				CLANG_WARN_STRICT_PROTOTYPES = YES;
				CLANG_WARN_SUSPICIOUS_MOVE = YES;
				CLANG_WARN_UNGUARDED_AVAILABILITY = YES_AGGRESSIVE;
				CLANG_WARN_UNREACHABLE_CODE = YES;
				CLANG_WARN__DUPLICATE_METHOD_MATCH = YES;
				COPY_PHASE_STRIP = NO;
				DEBUG_INFORMATION_FORMAT = dwarf;
				ENABLE_STRICT_OBJC_MSGSEND = YES;
				ENABLE_TESTABILITY = YES;
				GCC_C_LANGUAGE_STANDARD = gnu11;
				GCC_DYNAMIC_NO_PIC = NO;
				GCC_NO_COMMON_BLOCKS = YES;
				GCC_OPTIMIZATION_LEVEL = 0;
				GCC_PREPROCESSOR_DEFINITIONS = (
					"DEBUG=1",
					"$(inherited)",
				);
				GCC_WARN_64_TO_32_BIT_CONVERSION = YES;
				GCC_WARN_ABOUT_RETURN_TYPE = YES_ERROR;
				GCC_WARN_UNDECLARED_SELECTOR = YES;
				GCC_WARN_UNINITIALIZED_AUTOS = YES_AGGRESSIVE;
				GCC_WARN_UNUSED_FUNCTION = YES;
				GCC_WARN_UNUSED_VARIABLE = YES;
				IPHONEOS_DEPLOYMENT_TARGET = 15.0;
				MTL_ENABLE_DEBUG_INFO = INCLUDE_SOURCE;
				MTL_FAST_MATH = YES;
				ONLY_ACTIVE_ARCH = YES;
				SDKROOT = iphoneos;
				SWIFT_ACTIVE_COMPILATION_CONDITIONS = DEBUG;
				SWIFT_OPTIMIZATION_LEVEL = "-Onone";
			};
			name = Debug;
		};
		9387D1D427124AC500AE497C /* Release */ = {
			isa = XCBuildConfiguration;
			buildSettings = {
				ALWAYS_SEARCH_USER_PATHS = NO;
				CLANG_ANALYZER_NONNULL = YES;
				CLANG_ANALYZER_NUMBER_OBJECT_CONVERSION = YES_AGGRESSIVE;
				CLANG_CXX_LANGUAGE_STANDARD = "gnu++17";
				CLANG_CXX_LIBRARY = "libc++";
				CLANG_ENABLE_MODULES = YES;
				CLANG_ENABLE_OBJC_ARC = YES;
				CLANG_ENABLE_OBJC_WEAK = YES;
				CLANG_WARN_BLOCK_CAPTURE_AUTORELEASING = YES;
				CLANG_WARN_BOOL_CONVERSION = YES;
				CLANG_WARN_COMMA = YES;
				CLANG_WARN_CONSTANT_CONVERSION = YES;
				CLANG_WARN_DEPRECATED_OBJC_IMPLEMENTATIONS = YES;
				CLANG_WARN_DIRECT_OBJC_ISA_USAGE = YES_ERROR;
				CLANG_WARN_DOCUMENTATION_COMMENTS = YES;
				CLANG_WARN_EMPTY_BODY = YES;
				CLANG_WARN_ENUM_CONVERSION = YES;
				CLANG_WARN_INFINITE_RECURSION = YES;
				CLANG_WARN_INT_CONVERSION = YES;
				CLANG_WARN_NON_LITERAL_NULL_CONVERSION = YES;
				CLANG_WARN_OBJC_IMPLICIT_RETAIN_SELF = YES;
				CLANG_WARN_OBJC_LITERAL_CONVERSION = YES;
				CLANG_WARN_OBJC_ROOT_CLASS = YES_ERROR;
				CLANG_WARN_QUOTED_INCLUDE_IN_FRAMEWORK_HEADER = YES;
				CLANG_WARN_RANGE_LOOP_ANALYSIS = YES;
				CLANG_WARN_STRICT_PROTOTYPES = YES;
				CLANG_WARN_SUSPICIOUS_MOVE = YES;
				CLANG_WARN_UNGUARDED_AVAILABILITY = YES_AGGRESSIVE;
				CLANG_WARN_UNREACHABLE_CODE = YES;
				CLANG_WARN__DUPLICATE_METHOD_MATCH = YES;
				COPY_PHASE_STRIP = NO;
				DEBUG_INFORMATION_FORMAT = "dwarf-with-dsym";
				ENABLE_NS_ASSERTIONS = NO;
				ENABLE_STRICT_OBJC_MSGSEND = YES;
				GCC_C_LANGUAGE_STANDARD = gnu11;
				GCC_NO_COMMON_BLOCKS = YES;
				GCC_WARN_64_TO_32_BIT_CONVERSION = YES;
				GCC_WARN_ABOUT_RETURN_TYPE = YES_ERROR;
				GCC_WARN_UNDECLARED_SELECTOR = YES;
				GCC_WARN_UNINITIALIZED_AUTOS = YES_AGGRESSIVE;
				GCC_WARN_UNUSED_FUNCTION = YES;
				GCC_WARN_UNUSED_VARIABLE = YES;
				IPHONEOS_DEPLOYMENT_TARGET = 15.0;
				MTL_ENABLE_DEBUG_INFO = NO;
				MTL_FAST_MATH = YES;
				SDKROOT = iphoneos;
				SWIFT_COMPILATION_MODE = wholemodule;
				SWIFT_OPTIMIZATION_LEVEL = "-O";
				VALIDATE_PRODUCT = YES;
			};
			name = Release;
		};
		9387D1D627124AC500AE497C /* Debug */ = {
			isa = XCBuildConfiguration;
			buildSettings = {
				ASSETCATALOG_COMPILER_APPICON_NAME = AppIcon;
				ASSETCATALOG_COMPILER_GLOBAL_ACCENT_COLOR_NAME = AccentColor;
				CODE_SIGN_STYLE = Automatic;
				CURRENT_PROJECT_VERSION = 1;
				DEVELOPMENT_ASSET_PATHS = "\"ProKiosk/Preview Content\"";
				DEVELOPMENT_TEAM = C3CT3C28T4;
				ENABLE_PREVIEWS = YES;
				GENERATE_INFOPLIST_FILE = YES;
				INFOPLIST_FILE = ProKiosk/Info.plist;
				INFOPLIST_KEY_UIApplicationSceneManifest_Generation = YES;
				INFOPLIST_KEY_UIApplicationSupportsIndirectInputEvents = YES;
				INFOPLIST_KEY_UILaunchScreen_Generation = YES;
				INFOPLIST_KEY_UILaunchStoryboardName = "Launch Screen";
				INFOPLIST_KEY_UISupportedInterfaceOrientations = UIInterfaceOrientationPortrait;
				INFOPLIST_KEY_UISupportedInterfaceOrientations_iPad = "UIInterfaceOrientationPortrait UIInterfaceOrientationPortraitUpsideDown UIInterfaceOrientationLandscapeLeft UIInterfaceOrientationLandscapeRight";
				INFOPLIST_KEY_UISupportedInterfaceOrientations_iPhone = "UIInterfaceOrientationPortrait UIInterfaceOrientationLandscapeLeft UIInterfaceOrientationLandscapeRight";
				IPHONEOS_DEPLOYMENT_TARGET = 15.0;
				LD_RUNPATH_SEARCH_PATHS = (
					"$(inherited)",
					"@executable_path/Frameworks",
				);
				MARKETING_VERSION = 1.0;
				PRODUCT_BUNDLE_IDENTIFIER = com.zedddx.ProKiosk;
				PRODUCT_NAME = "$(TARGET_NAME)";
				SWIFT_EMIT_LOC_STRINGS = YES;
				SWIFT_VERSION = 5.0;
				TARGETED_DEVICE_FAMILY = "1,2";
			};
			name = Debug;
		};
		9387D1D727124AC500AE497C /* Release */ = {
			isa = XCBuildConfiguration;
			buildSettings = {
				ASSETCATALOG_COMPILER_APPICON_NAME = AppIcon;
				ASSETCATALOG_COMPILER_GLOBAL_ACCENT_COLOR_NAME = AccentColor;
				CODE_SIGN_STYLE = Automatic;
				CURRENT_PROJECT_VERSION = 1;
				DEVELOPMENT_ASSET_PATHS = "\"ProKiosk/Preview Content\"";
				DEVELOPMENT_TEAM = C3CT3C28T4;
				ENABLE_PREVIEWS = YES;
				GENERATE_INFOPLIST_FILE = YES;
				INFOPLIST_FILE = ProKiosk/Info.plist;
				INFOPLIST_KEY_UIApplicationSceneManifest_Generation = YES;
				INFOPLIST_KEY_UIApplicationSupportsIndirectInputEvents = YES;
				INFOPLIST_KEY_UILaunchScreen_Generation = YES;
				INFOPLIST_KEY_UILaunchStoryboardName = "Launch Screen";
				INFOPLIST_KEY_UISupportedInterfaceOrientations = UIInterfaceOrientationPortrait;
				INFOPLIST_KEY_UISupportedInterfaceOrientations_iPad = "UIInterfaceOrientationPortrait UIInterfaceOrientationPortraitUpsideDown UIInterfaceOrientationLandscapeLeft UIInterfaceOrientationLandscapeRight";
				INFOPLIST_KEY_UISupportedInterfaceOrientations_iPhone = "UIInterfaceOrientationPortrait UIInterfaceOrientationLandscapeLeft UIInterfaceOrientationLandscapeRight";
				IPHONEOS_DEPLOYMENT_TARGET = 15.0;
				LD_RUNPATH_SEARCH_PATHS = (
					"$(inherited)",
					"@executable_path/Frameworks",
				);
				MARKETING_VERSION = 1.0;
				PRODUCT_BUNDLE_IDENTIFIER = com.zedddx.ProKiosk;
				PRODUCT_NAME = "$(TARGET_NAME)";
				SWIFT_EMIT_LOC_STRINGS = YES;
				SWIFT_VERSION = 5.0;
				TARGETED_DEVICE_FAMILY = "1,2";
			};
			name = Release;
		};
/* End XCBuildConfiguration section */

/* Begin XCConfigurationList section */
		9387D1C227124AC200AE497C /* Build configuration list for PBXProject "ProKiosk" */ = {
			isa = XCConfigurationList;
			buildConfigurations = (
				9387D1D327124AC500AE497C /* Debug */,
				9387D1D427124AC500AE497C /* Release */,
			);
			defaultConfigurationIsVisible = 0;
			defaultConfigurationName = Release;
		};
		9387D1D527124AC500AE497C /* Build configuration list for PBXNativeTarget "ProKiosk" */ = {
			isa = XCConfigurationList;
			buildConfigurations = (
				9387D1D627124AC500AE497C /* Debug */,
				9387D1D727124AC500AE497C /* Release */,
			);
			defaultConfigurationIsVisible = 0;
			defaultConfigurationName = Release;
		};
/* End XCConfigurationList section */
	};
	rootObject = 9387D1BF27124AC200AE497C /* Project object */;
}
